
Microsoft Visual Studio Solution File, Format Version 12.00
# Visual Studio Version 16
VisualStudioVersion = 16.0.29409.12
MinimumVisualStudioVersion = 10.0.40219.1
Project("{FAE04EC0-301F-11D3-BF4B-00C04F79EFBC}") = "Alg14", "Alg14\Alg14.csproj", "{9B0CC0B1-67D4-490D-A037-DCA9E18795F8}"
EndProject
Global
	GlobalSection(SolutionConfigurationPlatforms) = preSolution
		Debug|Any CPU = Debug|Any CPU
		Release|Any CPU = Release|Any CPU
	EndGlobalSection
	GlobalSection(ProjectConfigurationPlatforms) = postSolution
		{9B0CC0B1-67D4-490D-A037-DCA9E18795F8}.Debug|Any CPU.ActiveCfg = Debug|Any CPU
		{9B0CC0B1-67D4-490D-A037-DCA9E18795F8}.Debug|Any CPU.Build.0 = Debug|Any CPU
		{9B0CC0B1-67D4-490D-A037-DCA9E18795F8}.Release|Any CPU.ActiveCfg = Release|Any CPU
		{9B0CC0B1-67D4-490D-A037-DCA9E18795F8}.Release|Any CPU.Build.0 = Release|Any CPU
	EndGlobalSection
	GlobalSection(SolutionProperties) = preSolution
		HideSolutionNode = FALSE
	EndGlobalSection
	GlobalSection(ExtensibilityGlobals) = postSolution
		SolutionGuid = {9B7AF759-F67C-4140-A01B-C6156C271302}
	EndGlobalSection
EndGlobal
